
Microsoft Visual Studio Solution File, Format Version 12.00
# Visual Studio Version 16
VisualStudioVersion = 16.0.29728.190
MinimumVisualStudioVersion = 10.0.40219.1
Project("{8BC9CEB8-8B4A-11D0-8D11-00A0C91BC942}") = "Bio-MR-API", "Bio-MR-API\Bio-MR-API.vcxproj", "{B3CC8DE4-F31E-4291-B5BA-425D593D1652}"
EndProject
Global
	GlobalSection(SolutionConfigurationPlatforms) = preSolution
		Debug|x64 = Debug|x64
		Release|x64 = Release|x64
	EndGlobalSection
	GlobalSection(ProjectConfigurationPlatforms) = postSolution
		{B3CC8DE4-F31E-4291-B5BA-425D593D1652}.Debug|x64.ActiveCfg = Debug|x64
		{B3CC8DE4-F31E-4291-B5BA-425D593D1652}.Debug|x64.Build.0 = Debug|x64
		{B3CC8DE4-F31E-4291-B5BA-425D593D1652}.Release|x64.ActiveCfg = Release|x64
		{B3CC8DE4-F31E-4291-B5BA-425D593D1652}.Release|x64.Build.0 = Release|x64
	EndGlobalSection
	GlobalSection(SolutionProperties) = preSolution
		HideSolutionNode = FALSE
	EndGlobalSection
	GlobalSection(ExtensibilityGlobals) = postSolution
		SolutionGuid = {5D5EDC70-FA92-4124-8C5C-92C97A614ADF}
	EndGlobalSection
EndGlobal
